
Microsoft Visual Studio Solution File, Format Version 12.00
# Visual Studio Version 17
VisualStudioVersion = 17.6.33723.286
MinimumVisualStudioVersion = 10.0.40219.1
Project("{FAE04EC0-301F-11D3-BF4B-00C04F79EFBC}") = "EjemploSimple", "EjemploSimple\EjemploSimple.csproj", "{2CBAAEF9-FFA7-4B3F-94CD-BB826FF4B30A}"
EndProject
Project("{FAE04EC0-301F-11D3-BF4B-00C04F79EFBC}") = "Consola", "Consola\Consola.csproj", "{24D1CCEF-5645-485D-8FFC-D56123C239B8}"
EndProject
Project("{FAE04EC0-301F-11D3-BF4B-00C04F79EFBC}") = "EjemploReal", "EjemploReal\EjemploReal.csproj", "{32279C80-426E-485E-AF1B-AF719B1D9E0A}"
EndProject
Global
	GlobalSection(SolutionConfigurationPlatforms) = preSolution
		Debug|Any CPU = Debug|Any CPU
		Release|Any CPU = Release|Any CPU
	EndGlobalSection
	GlobalSection(ProjectConfigurationPlatforms) = postSolution
		{2CBAAEF9-FFA7-4B3F-94CD-BB826FF4B30A}.Debug|Any CPU.ActiveCfg = Debug|Any CPU
		{2CBAAEF9-FFA7-4B3F-94CD-BB826FF4B30A}.Debug|Any CPU.Build.0 = Debug|Any CPU
		{2CBAAEF9-FFA7-4B3F-94CD-BB826FF4B30A}.Release|Any CPU.ActiveCfg = Release|Any CPU
		{2CBAAEF9-FFA7-4B3F-94CD-BB826FF4B30A}.Release|Any CPU.Build.0 = Release|Any CPU
		{24D1CCEF-5645-485D-8FFC-D56123C239B8}.Debug|Any CPU.ActiveCfg = Debug|Any CPU
		{24D1CCEF-5645-485D-8FFC-D56123C239B8}.Debug|Any CPU.Build.0 = Debug|Any CPU
		{24D1CCEF-5645-485D-8FFC-D56123C239B8}.Release|Any CPU.ActiveCfg = Release|Any CPU
		{24D1CCEF-5645-485D-8FFC-D56123C239B8}.Release|Any CPU.Build.0 = Release|Any CPU
		{32279C80-426E-485E-AF1B-AF719B1D9E0A}.Debug|Any CPU.ActiveCfg = Debug|Any CPU
		{32279C80-426E-485E-AF1B-AF719B1D9E0A}.Debug|Any CPU.Build.0 = Debug|Any CPU
		{32279C80-426E-485E-AF1B-AF719B1D9E0A}.Release|Any CPU.ActiveCfg = Release|Any CPU
		{32279C80-426E-485E-AF1B-AF719B1D9E0A}.Release|Any CPU.Build.0 = Release|Any CPU
	EndGlobalSection
	GlobalSection(SolutionProperties) = preSolution
		HideSolutionNode = FALSE
	EndGlobalSection
	GlobalSection(ExtensibilityGlobals) = postSolution
		SolutionGuid = {CB522FA4-C3BA-41F6-8956-0B325E7C5C8F}
	EndGlobalSection
EndGlobal
